// !$*UTF8*$!
{
	archiveVersion = 1;
	classes = {
	};
	objectVersion = 50;
	objects = {

/* Begin PBXBuildFile section */
		2C34255CC06607463FE40399 /* Pods_Vallet.framework in Frameworks */ = {isa = PBXBuildFile; fileRef = 63CA453DC703DB1A613E81CD /* Pods_Vallet.framework */; };
		D429F84F21400572004427F0 /* AppDelegate.swift in Sources */ = {isa = PBXBuildFile; fileRef = D429F84E21400572004427F0 /* AppDelegate.swift */; };
		D429F85121400572004427F0 /* ViewController.swift in Sources */ = {isa = PBXBuildFile; fileRef = D429F85021400572004427F0 /* ViewController.swift */; };
		D429F85421400572004427F0 /* Main.storyboard in Resources */ = {isa = PBXBuildFile; fileRef = D429F85221400572004427F0 /* Main.storyboard */; };
		D429F85921400573004427F0 /* Assets.xcassets in Resources */ = {isa = PBXBuildFile; fileRef = D429F85821400573004427F0 /* Assets.xcassets */; };
		D429F85C21400573004427F0 /* LaunchScreen.storyboard in Resources */ = {isa = PBXBuildFile; fileRef = D429F85A21400573004427F0 /* LaunchScreen.storyboard */; };
		D429F86721400573004427F0 /* ValletTests.swift in Sources */ = {isa = PBXBuildFile; fileRef = D429F86621400573004427F0 /* ValletTests.swift */; };
		D429F89121400A5A004427F0 /* AppDelegate.swift in Sources */ = {isa = PBXBuildFile; fileRef = D429F89021400A5A004427F0 /* AppDelegate.swift */; };
		D429F89321400A5A004427F0 /* ViewController.swift in Sources */ = {isa = PBXBuildFile; fileRef = D429F89221400A5A004427F0 /* ViewController.swift */; };
		D429F89621400A5A004427F0 /* Main.storyboard in Resources */ = {isa = PBXBuildFile; fileRef = D429F89421400A5A004427F0 /* Main.storyboard */; };
		D429F89B21400A5B004427F0 /* Assets.xcassets in Resources */ = {isa = PBXBuildFile; fileRef = D429F89A21400A5B004427F0 /* Assets.xcassets */; };
		D429F89E21400A5B004427F0 /* LaunchScreen.storyboard in Resources */ = {isa = PBXBuildFile; fileRef = D429F89C21400A5B004427F0 /* LaunchScreen.storyboard */; };
		D429F8A621400D87004427F0 /* FaucetManager.swift in Sources */ = {isa = PBXBuildFile; fileRef = D429F8A521400D87004427F0 /* FaucetManager.swift */; };
		D429F8A821400DAE004427F0 /* Constants.swift in Sources */ = {isa = PBXBuildFile; fileRef = D429F8A721400DAE004427F0 /* Constants.swift */; };
		D429F8A921400F1C004427F0 /* FaucetManager.swift in Sources */ = {isa = PBXBuildFile; fileRef = D429F8A521400D87004427F0 /* FaucetManager.swift */; };
		D429F8AA21400F20004427F0 /* Constants.swift in Sources */ = {isa = PBXBuildFile; fileRef = D429F8A721400DAE004427F0 /* Constants.swift */; };
		D429F8AF21401049004427F0 /* Result.swift in Sources */ = {isa = PBXBuildFile; fileRef = D429F8AE21401049004427F0 /* Result.swift */; };
		D429F8B021401049004427F0 /* Result.swift in Sources */ = {isa = PBXBuildFile; fileRef = D429F8AE21401049004427F0 /* Result.swift */; };
		D429F8B421401528004427F0 /* Wallet.swift in Sources */ = {isa = PBXBuildFile; fileRef = D429F8B321401528004427F0 /* Wallet.swift */; };
		D429F8B521401528004427F0 /* Wallet.swift in Sources */ = {isa = PBXBuildFile; fileRef = D429F8B321401528004427F0 /* Wallet.swift */; };
		D429F8B721411FA2004427F0 /* Web3Manager.swift in Sources */ = {isa = PBXBuildFile; fileRef = D429F8B621411FA2004427F0 /* Web3Manager.swift */; };
		D429F8B821411FA2004427F0 /* Web3Manager.swift in Sources */ = {isa = PBXBuildFile; fileRef = D429F8B621411FA2004427F0 /* Web3Manager.swift */; };
		D429F8BB21416D9D004427F0 /* TokenFactory.swift in Sources */ = {isa = PBXBuildFile; fileRef = D429F8BA21416D9D004427F0 /* TokenFactory.swift */; };
		D429F8BC21416D9D004427F0 /* TokenFactory.swift in Sources */ = {isa = PBXBuildFile; fileRef = D429F8BA21416D9D004427F0 /* TokenFactory.swift */; };
		D429F8BE21416F91004427F0 /* ContractProtocol.swift in Sources */ = {isa = PBXBuildFile; fileRef = D429F8BD21416F91004427F0 /* ContractProtocol.swift */; };
		D429F8BF21416F91004427F0 /* ContractProtocol.swift in Sources */ = {isa = PBXBuildFile; fileRef = D429F8BD21416F91004427F0 /* ContractProtocol.swift */; };
		D429F8C12141724C004427F0 /* TokenType.swift in Sources */ = {isa = PBXBuildFile; fileRef = D429F8C02141724C004427F0 /* TokenType.swift */; };
		D429F8C22141724C004427F0 /* TokenType.swift in Sources */ = {isa = PBXBuildFile; fileRef = D429F8C02141724C004427F0 /* TokenType.swift */; };
		D429F8C82142BF86004427F0 /* Token.swift in Sources */ = {isa = PBXBuildFile; fileRef = D429F8C72142BF86004427F0 /* Token.swift */; };
		D429F8C92142BF87004427F0 /* Token.swift in Sources */ = {isa = PBXBuildFile; fileRef = D429F8C72142BF86004427F0 /* Token.swift */; };
		D443CDA9214AA73700A7100F /* NSObject.swift in Sources */ = {isa = PBXBuildFile; fileRef = D443CDA8214AA73700A7100F /* NSObject.swift */; };
		D443CDAA214AA73700A7100F /* NSObject.swift in Sources */ = {isa = PBXBuildFile; fileRef = D443CDA8214AA73700A7100F /* NSObject.swift */; };
		D4C5CD942147D34200AB67D7 /* UIImage.swift in Sources */ = {isa = PBXBuildFile; fileRef = D4C5CD932147D34200AB67D7 /* UIImage.swift */; };
		D4C5CD952147D34200AB67D7 /* UIImage.swift in Sources */ = {isa = PBXBuildFile; fileRef = D4C5CD932147D34200AB67D7 /* UIImage.swift */; };
		D4C5CD972147DA2600AB67D7 /* QRCodeReaderView.swift in Sources */ = {isa = PBXBuildFile; fileRef = D4C5CD962147DA2600AB67D7 /* QRCodeReaderView.swift */; };
		D4C5CD982147DA2700AB67D7 /* QRCodeReaderView.swift in Sources */ = {isa = PBXBuildFile; fileRef = D4C5CD962147DA2600AB67D7 /* QRCodeReaderView.swift */; };
		D4C5CD9A2147DB2A00AB67D7 /* NibLinkedView.swift in Sources */ = {isa = PBXBuildFile; fileRef = D4C5CD992147DB2A00AB67D7 /* NibLinkedView.swift */; };
		D4C5CD9B2147DB2A00AB67D7 /* NibLinkedView.swift in Sources */ = {isa = PBXBuildFile; fileRef = D4C5CD992147DB2A00AB67D7 /* NibLinkedView.swift */; };
		D4C5CD9D2147DBAC00AB67D7 /* QRCodeReaderView.xib in Resources */ = {isa = PBXBuildFile; fileRef = D4C5CD9C2147DBAC00AB67D7 /* QRCodeReaderView.xib */; };
		D4C5CD9E2147DBAC00AB67D7 /* QRCodeReaderView.xib in Resources */ = {isa = PBXBuildFile; fileRef = D4C5CD9C2147DBAC00AB67D7 /* QRCodeReaderView.xib */; };
		D4C5CDA2214819AD00AB67D7 /* SideMenuViewController.swift in Sources */ = {isa = PBXBuildFile; fileRef = D4C5CDA1214819AD00AB67D7 /* SideMenuViewController.swift */; };
		D4C5CDA3214819AD00AB67D7 /* SideMenuViewController.swift in Sources */ = {isa = PBXBuildFile; fileRef = D4C5CDA1214819AD00AB67D7 /* SideMenuViewController.swift */; };
		D4C5CDA6214819EC00AB67D7 /* Shared.storyboard in Resources */ = {isa = PBXBuildFile; fileRef = D4C5CDA5214819EC00AB67D7 /* Shared.storyboard */; };
		D4C5CDA7214819EC00AB67D7 /* Shared.storyboard in Resources */ = {isa = PBXBuildFile; fileRef = D4C5CDA5214819EC00AB67D7 /* Shared.storyboard */; };
		D4C5CDAA2149079500AB67D7 /* Model.xcdatamodeld in Sources */ = {isa = PBXBuildFile; fileRef = D4C5CDA82149079400AB67D7 /* Model.xcdatamodeld */; };
		D4C5CDAB2149079500AB67D7 /* Model.xcdatamodeld in Sources */ = {isa = PBXBuildFile; fileRef = D4C5CDA82149079400AB67D7 /* Model.xcdatamodeld */; };
		D4C5CDB521490DC500AB67D7 /* Shop.swift in Sources */ = {isa = PBXBuildFile; fileRef = D4C5CDB321490DC500AB67D7 /* Shop.swift */; };
		D4C5CDB621490DC500AB67D7 /* Shop.swift in Sources */ = {isa = PBXBuildFile; fileRef = D4C5CDB321490DC500AB67D7 /* Shop.swift */; };
		D4C5CDBB2149410800AB67D7 /* DataBaseManager.swift in Sources */ = {isa = PBXBuildFile; fileRef = D4C5CDBA2149410800AB67D7 /* DataBaseManager.swift */; };
		D4C5CDBC2149410800AB67D7 /* DataBaseManager.swift in Sources */ = {isa = PBXBuildFile; fileRef = D4C5CDBA2149410800AB67D7 /* DataBaseManager.swift */; };
		EF8538596FE81F5FCA6F238B /* Pods_ValletAdmin.framework in Frameworks */ = {isa = PBXBuildFile; fileRef = CE9A1944D3BC6BF95D7335C4 /* Pods_ValletAdmin.framework */; };
/* End PBXBuildFile section */

/* Begin PBXContainerItemProxy section */
		D429F86321400573004427F0 /* PBXContainerItemProxy */ = {
			isa = PBXContainerItemProxy;
			containerPortal = D429F84321400572004427F0 /* Project object */;
			proxyType = 1;
			remoteGlobalIDString = D429F84A21400572004427F0;
			remoteInfo = Vallet;
		};
/* End PBXContainerItemProxy section */

/* Begin PBXFileReference section */
		3453223FDAEFCCEA65DA70F2 /* Pods-Vallet.release.xcconfig */ = {isa = PBXFileReference; includeInIndex = 1; lastKnownFileType = text.xcconfig; name = "Pods-Vallet.release.xcconfig"; path = "Pods/Target Support Files/Pods-Vallet/Pods-Vallet.release.xcconfig"; sourceTree = "<group>"; };
		63CA453DC703DB1A613E81CD /* Pods_Vallet.framework */ = {isa = PBXFileReference; explicitFileType = wrapper.framework; includeInIndex = 0; path = Pods_Vallet.framework; sourceTree = BUILT_PRODUCTS_DIR; };
		978EBDBF8DA054E50C13A3CC /* Pods-ValletAdmin.release.xcconfig */ = {isa = PBXFileReference; includeInIndex = 1; lastKnownFileType = text.xcconfig; name = "Pods-ValletAdmin.release.xcconfig"; path = "Pods/Target Support Files/Pods-ValletAdmin/Pods-ValletAdmin.release.xcconfig"; sourceTree = "<group>"; };
		BC427D9B2FFCD9CA48489E79 /* Pods-Vallet.debug.xcconfig */ = {isa = PBXFileReference; includeInIndex = 1; lastKnownFileType = text.xcconfig; name = "Pods-Vallet.debug.xcconfig"; path = "Pods/Target Support Files/Pods-Vallet/Pods-Vallet.debug.xcconfig"; sourceTree = "<group>"; };
		C9683045E8DE422BEFE13276 /* Pods-ValletAdmin.debug.xcconfig */ = {isa = PBXFileReference; includeInIndex = 1; lastKnownFileType = text.xcconfig; name = "Pods-ValletAdmin.debug.xcconfig"; path = "Pods/Target Support Files/Pods-ValletAdmin/Pods-ValletAdmin.debug.xcconfig"; sourceTree = "<group>"; };
		CE9A1944D3BC6BF95D7335C4 /* Pods_ValletAdmin.framework */ = {isa = PBXFileReference; explicitFileType = wrapper.framework; includeInIndex = 0; path = Pods_ValletAdmin.framework; sourceTree = BUILT_PRODUCTS_DIR; };
		D429F84B21400572004427F0 /* Vallet.app */ = {isa = PBXFileReference; explicitFileType = wrapper.application; includeInIndex = 0; path = Vallet.app; sourceTree = BUILT_PRODUCTS_DIR; };
		D429F84E21400572004427F0 /* AppDelegate.swift */ = {isa = PBXFileReference; lastKnownFileType = sourcecode.swift; path = AppDelegate.swift; sourceTree = "<group>"; };
		D429F85021400572004427F0 /* ViewController.swift */ = {isa = PBXFileReference; lastKnownFileType = sourcecode.swift; path = ViewController.swift; sourceTree = "<group>"; };
		D429F85321400572004427F0 /* Base */ = {isa = PBXFileReference; lastKnownFileType = file.storyboard; name = Base; path = Base.lproj/Main.storyboard; sourceTree = "<group>"; };
		D429F85821400573004427F0 /* Assets.xcassets */ = {isa = PBXFileReference; lastKnownFileType = folder.assetcatalog; path = Assets.xcassets; sourceTree = "<group>"; };
		D429F85B21400573004427F0 /* Base */ = {isa = PBXFileReference; lastKnownFileType = file.storyboard; name = Base; path = Base.lproj/LaunchScreen.storyboard; sourceTree = "<group>"; };
		D429F85D21400573004427F0 /* Info.plist */ = {isa = PBXFileReference; lastKnownFileType = text.plist.xml; path = Info.plist; sourceTree = "<group>"; };
		D429F86221400573004427F0 /* ValletTests.xctest */ = {isa = PBXFileReference; explicitFileType = wrapper.cfbundle; includeInIndex = 0; path = ValletTests.xctest; sourceTree = BUILT_PRODUCTS_DIR; };
		D429F86621400573004427F0 /* ValletTests.swift */ = {isa = PBXFileReference; lastKnownFileType = sourcecode.swift; path = ValletTests.swift; sourceTree = "<group>"; };
		D429F86821400573004427F0 /* Info.plist */ = {isa = PBXFileReference; lastKnownFileType = text.plist.xml; path = Info.plist; sourceTree = "<group>"; };
		D429F88E21400A5A004427F0 /* ValletAdmin.app */ = {isa = PBXFileReference; explicitFileType = wrapper.application; includeInIndex = 0; path = ValletAdmin.app; sourceTree = BUILT_PRODUCTS_DIR; };
		D429F89021400A5A004427F0 /* AppDelegate.swift */ = {isa = PBXFileReference; lastKnownFileType = sourcecode.swift; path = AppDelegate.swift; sourceTree = "<group>"; };
		D429F89221400A5A004427F0 /* ViewController.swift */ = {isa = PBXFileReference; lastKnownFileType = sourcecode.swift; path = ViewController.swift; sourceTree = "<group>"; };
		D429F89521400A5A004427F0 /* Base */ = {isa = PBXFileReference; lastKnownFileType = file.storyboard; name = Base; path = Base.lproj/Main.storyboard; sourceTree = "<group>"; };
		D429F89A21400A5B004427F0 /* Assets.xcassets */ = {isa = PBXFileReference; lastKnownFileType = folder.assetcatalog; path = Assets.xcassets; sourceTree = "<group>"; };
		D429F89D21400A5B004427F0 /* Base */ = {isa = PBXFileReference; lastKnownFileType = file.storyboard; name = Base; path = Base.lproj/LaunchScreen.storyboard; sourceTree = "<group>"; };
		D429F89F21400A5B004427F0 /* Info.plist */ = {isa = PBXFileReference; lastKnownFileType = text.plist.xml; path = Info.plist; sourceTree = "<group>"; };
		D429F8A521400D87004427F0 /* FaucetManager.swift */ = {isa = PBXFileReference; lastKnownFileType = sourcecode.swift; path = FaucetManager.swift; sourceTree = "<group>"; };
		D429F8A721400DAE004427F0 /* Constants.swift */ = {isa = PBXFileReference; lastKnownFileType = sourcecode.swift; path = Constants.swift; sourceTree = "<group>"; };
		D429F8AE21401049004427F0 /* Result.swift */ = {isa = PBXFileReference; lastKnownFileType = sourcecode.swift; path = Result.swift; sourceTree = "<group>"; };
		D429F8B321401528004427F0 /* Wallet.swift */ = {isa = PBXFileReference; lastKnownFileType = sourcecode.swift; path = Wallet.swift; sourceTree = "<group>"; };
		D429F8B621411FA2004427F0 /* Web3Manager.swift */ = {isa = PBXFileReference; lastKnownFileType = sourcecode.swift; path = Web3Manager.swift; sourceTree = "<group>"; };
		D429F8BA21416D9D004427F0 /* TokenFactory.swift */ = {isa = PBXFileReference; lastKnownFileType = sourcecode.swift; path = TokenFactory.swift; sourceTree = "<group>"; };
		D429F8BD21416F91004427F0 /* ContractProtocol.swift */ = {isa = PBXFileReference; lastKnownFileType = sourcecode.swift; path = ContractProtocol.swift; sourceTree = "<group>"; };
		D429F8C02141724C004427F0 /* TokenType.swift */ = {isa = PBXFileReference; lastKnownFileType = sourcecode.swift; path = TokenType.swift; sourceTree = "<group>"; };
		D429F8C72142BF86004427F0 /* Token.swift */ = {isa = PBXFileReference; lastKnownFileType = sourcecode.swift; path = Token.swift; sourceTree = "<group>"; };
		D443CDA8214AA73700A7100F /* NSObject.swift */ = {isa = PBXFileReference; lastKnownFileType = sourcecode.swift; path = NSObject.swift; sourceTree = "<group>"; };
		D4C5CD932147D34200AB67D7 /* UIImage.swift */ = {isa = PBXFileReference; lastKnownFileType = sourcecode.swift; path = UIImage.swift; sourceTree = "<group>"; };
		D4C5CD962147DA2600AB67D7 /* QRCodeReaderView.swift */ = {isa = PBXFileReference; lastKnownFileType = sourcecode.swift; path = QRCodeReaderView.swift; sourceTree = "<group>"; };
		D4C5CD992147DB2A00AB67D7 /* NibLinkedView.swift */ = {isa = PBXFileReference; lastKnownFileType = sourcecode.swift; path = NibLinkedView.swift; sourceTree = "<group>"; };
		D4C5CD9C2147DBAC00AB67D7 /* QRCodeReaderView.xib */ = {isa = PBXFileReference; lastKnownFileType = file.xib; path = QRCodeReaderView.xib; sourceTree = "<group>"; };
		D4C5CDA1214819AD00AB67D7 /* SideMenuViewController.swift */ = {isa = PBXFileReference; lastKnownFileType = sourcecode.swift; path = SideMenuViewController.swift; sourceTree = "<group>"; };
		D4C5CDA5214819EC00AB67D7 /* Shared.storyboard */ = {isa = PBXFileReference; lastKnownFileType = file.storyboard; path = Shared.storyboard; sourceTree = "<group>"; };
		D4C5CDA92149079400AB67D7 /* Model.xcdatamodel */ = {isa = PBXFileReference; lastKnownFileType = wrapper.xcdatamodel; path = Model.xcdatamodel; sourceTree = "<group>"; };
		D4C5CDB321490DC500AB67D7 /* Shop.swift */ = {isa = PBXFileReference; fileEncoding = 4; lastKnownFileType = sourcecode.swift; path = Shop.swift; sourceTree = "<group>"; };
		D4C5CDBA2149410800AB67D7 /* DataBaseManager.swift */ = {isa = PBXFileReference; lastKnownFileType = sourcecode.swift; path = DataBaseManager.swift; sourceTree = "<group>"; };
/* End PBXFileReference section */

/* Begin PBXFrameworksBuildPhase section */
		D429F84821400572004427F0 /* Frameworks */ = {
			isa = PBXFrameworksBuildPhase;
			buildActionMask = 2147483647;
			files = (
				2C34255CC06607463FE40399 /* Pods_Vallet.framework in Frameworks */,
			);
			runOnlyForDeploymentPostprocessing = 0;
		};
		D429F85F21400573004427F0 /* Frameworks */ = {
			isa = PBXFrameworksBuildPhase;
			buildActionMask = 2147483647;
			files = (
			);
			runOnlyForDeploymentPostprocessing = 0;
		};
		D429F88B21400A5A004427F0 /* Frameworks */ = {
			isa = PBXFrameworksBuildPhase;
			buildActionMask = 2147483647;
			files = (
				EF8538596FE81F5FCA6F238B /* Pods_ValletAdmin.framework in Frameworks */,
			);
			runOnlyForDeploymentPostprocessing = 0;
		};
/* End PBXFrameworksBuildPhase section */

/* Begin PBXGroup section */
		B3FCB82A81955A64C8763D97 /* Pods */ = {
			isa = PBXGroup;
			children = (
				BC427D9B2FFCD9CA48489E79 /* Pods-Vallet.debug.xcconfig */,
				3453223FDAEFCCEA65DA70F2 /* Pods-Vallet.release.xcconfig */,
				C9683045E8DE422BEFE13276 /* Pods-ValletAdmin.debug.xcconfig */,
				978EBDBF8DA054E50C13A3CC /* Pods-ValletAdmin.release.xcconfig */,
			);
			name = Pods;
			sourceTree = "<group>";
		};
		D429F84221400572004427F0 = {
			isa = PBXGroup;
			children = (
				D429F8A321400ADC004427F0 /* Shared */,
				D429F84D21400572004427F0 /* Vallet */,
				D429F88F21400A5A004427F0 /* ValletAdmin */,
				D429F86521400573004427F0 /* ValletTests */,
				D429F84C21400572004427F0 /* Products */,
				B3FCB82A81955A64C8763D97 /* Pods */,
				F210E04398A1C2678A4653B5 /* Frameworks */,
			);
			sourceTree = "<group>";
		};
		D429F84C21400572004427F0 /* Products */ = {
			isa = PBXGroup;
			children = (
				D429F84B21400572004427F0 /* Vallet.app */,
				D429F86221400573004427F0 /* ValletTests.xctest */,
				D429F88E21400A5A004427F0 /* ValletAdmin.app */,
			);
			name = Products;
			sourceTree = "<group>";
		};
		D429F84D21400572004427F0 /* Vallet */ = {
			isa = PBXGroup;
			children = (
				D429F84E21400572004427F0 /* AppDelegate.swift */,
				D429F85021400572004427F0 /* ViewController.swift */,
				D429F85221400572004427F0 /* Main.storyboard */,
				D429F85821400573004427F0 /* Assets.xcassets */,
				D429F85A21400573004427F0 /* LaunchScreen.storyboard */,
				D429F85D21400573004427F0 /* Info.plist */,
			);
			path = Vallet;
			sourceTree = "<group>";
		};
		D429F86521400573004427F0 /* ValletTests */ = {
			isa = PBXGroup;
			children = (
				D429F86621400573004427F0 /* ValletTests.swift */,
				D429F86821400573004427F0 /* Info.plist */,
			);
			path = ValletTests;
			sourceTree = "<group>";
		};
		D429F88F21400A5A004427F0 /* ValletAdmin */ = {
			isa = PBXGroup;
			children = (
				D429F89021400A5A004427F0 /* AppDelegate.swift */,
				D429F89221400A5A004427F0 /* ViewController.swift */,
				D429F89421400A5A004427F0 /* Main.storyboard */,
				D429F89A21400A5B004427F0 /* Assets.xcassets */,
				D429F89C21400A5B004427F0 /* LaunchScreen.storyboard */,
				D429F89F21400A5B004427F0 /* Info.plist */,
			);
			path = ValletAdmin;
			sourceTree = "<group>";
		};
		D429F8A321400ADC004427F0 /* Shared */ = {
			isa = PBXGroup;
			children = (
				D429F8A721400DAE004427F0 /* Constants.swift */,
				D429F8AE21401049004427F0 /* Result.swift */,
				D4C5CD912147D30200AB67D7 /* UI */,
				D429F8A421400D34004427F0 /* BlockChain */,
				D443CD94214AA01600A7100F /* ViewModel */,
				D4C5CDAC214907A400AB67D7 /* Model */,
				D443CDA7214AA72000A7100F /* Extensions */,
			);
			path = Shared;
			sourceTree = "<group>";
		};
		D429F8A421400D34004427F0 /* BlockChain */ = {
			isa = PBXGroup;
			children = (
				D429F8C02141724C004427F0 /* TokenType.swift */,
				D429F8B921416D7D004427F0 /* Contract */,
				D429F8B321401528004427F0 /* Wallet.swift */,
				D429F8A521400D87004427F0 /* FaucetManager.swift */,
				D429F8B621411FA2004427F0 /* Web3Manager.swift */,
			);
			path = BlockChain;
			sourceTree = "<group>";
		};
		D429F8B921416D7D004427F0 /* Contract */ = {
			isa = PBXGroup;
			children = (
				D429F8BD21416F91004427F0 /* ContractProtocol.swift */,
				D429F8BA21416D9D004427F0 /* TokenFactory.swift */,
				D429F8C72142BF86004427F0 /* Token.swift */,
			);
			path = Contract;
			sourceTree = "<group>";
		};
		D443CD94214AA01600A7100F /* ViewModel */ = {
			isa = PBXGroup;
			children = (
				D4C5CDBA2149410800AB67D7 /* DataBaseManager.swift */,
			);
			path = ViewModel;
			sourceTree = "<group>";
		};
		D443CDA7214AA72000A7100F /* Extensions */ = {
			isa = PBXGroup;
			children = (
				D443CDA8214AA73700A7100F /* NSObject.swift */,
			);
			path = Extensions;
			sourceTree = "<group>";
		};
		D4C5CD912147D30200AB67D7 /* UI */ = {
			isa = PBXGroup;
			children = (
				D4C5CD992147DB2A00AB67D7 /* NibLinkedView.swift */,
				D4C5CD922147D31600AB67D7 /* QRCode */,
				D4C5CDA4214819CD00AB67D7 /* Storyboard */,
				D4C5CD9F2148195E00AB67D7 /* ViewController */,
			);
			path = UI;
			sourceTree = "<group>";
		};
		D4C5CD922147D31600AB67D7 /* QRCode */ = {
			isa = PBXGroup;
			children = (
				D4C5CD932147D34200AB67D7 /* UIImage.swift */,
				D4C5CD962147DA2600AB67D7 /* QRCodeReaderView.swift */,
				D4C5CD9C2147DBAC00AB67D7 /* QRCodeReaderView.xib */,
			);
			path = QRCode;
			sourceTree = "<group>";
		};
		D4C5CD9F2148195E00AB67D7 /* ViewController */ = {
			isa = PBXGroup;
			children = (
				D4C5CDA02148197500AB67D7 /* SideMenu */,
			);
			path = ViewController;
			sourceTree = "<group>";
		};
		D4C5CDA02148197500AB67D7 /* SideMenu */ = {
			isa = PBXGroup;
			children = (
				D4C5CDA1214819AD00AB67D7 /* SideMenuViewController.swift */,
			);
			path = SideMenu;
			sourceTree = "<group>";
		};
		D4C5CDA4214819CD00AB67D7 /* Storyboard */ = {
			isa = PBXGroup;
			children = (
				D4C5CDA5214819EC00AB67D7 /* Shared.storyboard */,
			);
			path = Storyboard;
			sourceTree = "<group>";
		};
		D4C5CDAC214907A400AB67D7 /* Model */ = {
			isa = PBXGroup;
			children = (
				D4C5CDA82149079400AB67D7 /* Model.xcdatamodeld */,
				D4C5CDB321490DC500AB67D7 /* Shop.swift */,
			);
			path = Model;
			sourceTree = "<group>";
		};
		F210E04398A1C2678A4653B5 /* Frameworks */ = {
			isa = PBXGroup;
			children = (
				63CA453DC703DB1A613E81CD /* Pods_Vallet.framework */,
				CE9A1944D3BC6BF95D7335C4 /* Pods_ValletAdmin.framework */,
			);
			name = Frameworks;
			sourceTree = "<group>";
		};
/* End PBXGroup section */

/* Begin PBXNativeTarget section */
		D429F84A21400572004427F0 /* Vallet */ = {
			isa = PBXNativeTarget;
			buildConfigurationList = D429F86B21400573004427F0 /* Build configuration list for PBXNativeTarget "Vallet" */;
			buildPhases = (
				B086528B7443118FBE04AB44 /* [CP] Check Pods Manifest.lock */,
				D429F84721400572004427F0 /* Sources */,
				D429F84821400572004427F0 /* Frameworks */,
				D429F84921400572004427F0 /* Resources */,
				ECC15447057A33DA80E4C899 /* [CP] Embed Pods Frameworks */,
			);
			buildRules = (
			);
			dependencies = (
			);
			name = Vallet;
			productName = Vallet;
			productReference = D429F84B21400572004427F0 /* Vallet.app */;
			productType = "com.apple.product-type.application";
		};
		D429F86121400573004427F0 /* ValletTests */ = {
			isa = PBXNativeTarget;
			buildConfigurationList = D429F86E21400573004427F0 /* Build configuration list for PBXNativeTarget "ValletTests" */;
			buildPhases = (
				D429F85E21400573004427F0 /* Sources */,
				D429F85F21400573004427F0 /* Frameworks */,
				D429F86021400573004427F0 /* Resources */,
			);
			buildRules = (
			);
			dependencies = (
				D429F86421400573004427F0 /* PBXTargetDependency */,
			);
			name = ValletTests;
			productName = ValletTests;
			productReference = D429F86221400573004427F0 /* ValletTests.xctest */;
			productType = "com.apple.product-type.bundle.unit-test";
		};
		D429F88D21400A5A004427F0 /* ValletAdmin */ = {
			isa = PBXNativeTarget;
			buildConfigurationList = D429F8A221400A5B004427F0 /* Build configuration list for PBXNativeTarget "ValletAdmin" */;
			buildPhases = (
				AADC8E7481F7C9251528CE50 /* [CP] Check Pods Manifest.lock */,
				D429F88A21400A5A004427F0 /* Sources */,
				D429F88B21400A5A004427F0 /* Frameworks */,
				D429F88C21400A5A004427F0 /* Resources */,
				3510BC3F3CA5CF3C2F70A87D /* [CP] Embed Pods Frameworks */,
			);
			buildRules = (
			);
			dependencies = (
			);
			name = ValletAdmin;
			productName = ValletAdmin;
			productReference = D429F88E21400A5A004427F0 /* ValletAdmin.app */;
			productType = "com.apple.product-type.application";
		};
/* End PBXNativeTarget section */

/* Begin PBXProject section */
		D429F84321400572004427F0 /* Project object */ = {
			isa = PBXProject;
			attributes = {
				LastSwiftUpdateCheck = 0940;
				LastUpgradeCheck = 0940;
				ORGANIZATIONNAME = "Matija Kregar";
				TargetAttributes = {
					D429F84A21400572004427F0 = {
						CreatedOnToolsVersion = 9.4.1;
					};
					D429F86121400573004427F0 = {
						CreatedOnToolsVersion = 9.4.1;
						TestTargetID = D429F84A21400572004427F0;
					};
					D429F88D21400A5A004427F0 = {
						CreatedOnToolsVersion = 9.4.1;
					};
				};
			};
			buildConfigurationList = D429F84621400572004427F0 /* Build configuration list for PBXProject "Vallet" */;
			compatibilityVersion = "Xcode 9.3";
			developmentRegion = en;
			hasScannedForEncodings = 0;
			knownRegions = (
				en,
				Base,
			);
			mainGroup = D429F84221400572004427F0;
			productRefGroup = D429F84C21400572004427F0 /* Products */;
			projectDirPath = "";
			projectRoot = "";
			targets = (
				D429F84A21400572004427F0 /* Vallet */,
				D429F88D21400A5A004427F0 /* ValletAdmin */,
				D429F86121400573004427F0 /* ValletTests */,
			);
		};
/* End PBXProject section */

/* Begin PBXResourcesBuildPhase section */
		D429F84921400572004427F0 /* Resources */ = {
			isa = PBXResourcesBuildPhase;
			buildActionMask = 2147483647;
			files = (
				D429F85C21400573004427F0 /* LaunchScreen.storyboard in Resources */,
				D4C5CDA6214819EC00AB67D7 /* Shared.storyboard in Resources */,
				D4C5CD9D2147DBAC00AB67D7 /* QRCodeReaderView.xib in Resources */,
				D429F85921400573004427F0 /* Assets.xcassets in Resources */,
				D429F85421400572004427F0 /* Main.storyboard in Resources */,
			);
			runOnlyForDeploymentPostprocessing = 0;
		};
		D429F86021400573004427F0 /* Resources */ = {
			isa = PBXResourcesBuildPhase;
			buildActionMask = 2147483647;
			files = (
			);
			runOnlyForDeploymentPostprocessing = 0;
		};
		D429F88C21400A5A004427F0 /* Resources */ = {
			isa = PBXResourcesBuildPhase;
			buildActionMask = 2147483647;
			files = (
				D429F89E21400A5B004427F0 /* LaunchScreen.storyboard in Resources */,
				D4C5CDA7214819EC00AB67D7 /* Shared.storyboard in Resources */,
				D4C5CD9E2147DBAC00AB67D7 /* QRCodeReaderView.xib in Resources */,
				D429F89B21400A5B004427F0 /* Assets.xcassets in Resources */,
				D429F89621400A5A004427F0 /* Main.storyboard in Resources */,
			);
			runOnlyForDeploymentPostprocessing = 0;
		};
/* End PBXResourcesBuildPhase section */

/* Begin PBXShellScriptBuildPhase section */
		3510BC3F3CA5CF3C2F70A87D /* [CP] Embed Pods Frameworks */ = {
			isa = PBXShellScriptBuildPhase;
			buildActionMask = 2147483647;
			files = (
			);
			inputPaths = (
				"${SRCROOT}/Pods/Target Support Files/Pods-ValletAdmin/Pods-ValletAdmin-frameworks.sh",
				"${BUILT_PRODUCTS_DIR}/BigInt/BigInt.framework",
				"${BUILT_PRODUCTS_DIR}/CryptoSwift/CryptoSwift.framework",
				"${BUILT_PRODUCTS_DIR}/PromiseKit/PromiseKit.framework",
				"${BUILT_PRODUCTS_DIR}/Result/Result.framework",
				"${BUILT_PRODUCTS_DIR}/SipHash/SipHash.framework",
				"${BUILT_PRODUCTS_DIR}/scrypt/scrypt.framework",
				"${BUILT_PRODUCTS_DIR}/secp256k1_ios/secp256k1_ios.framework",
				"${BUILT_PRODUCTS_DIR}/web3swift/web3swift.framework",
			);
			name = "[CP] Embed Pods Frameworks";
			outputPaths = (
				"${TARGET_BUILD_DIR}/${FRAMEWORKS_FOLDER_PATH}/BigInt.framework",
				"${TARGET_BUILD_DIR}/${FRAMEWORKS_FOLDER_PATH}/CryptoSwift.framework",
				"${TARGET_BUILD_DIR}/${FRAMEWORKS_FOLDER_PATH}/PromiseKit.framework",
				"${TARGET_BUILD_DIR}/${FRAMEWORKS_FOLDER_PATH}/Result.framework",
				"${TARGET_BUILD_DIR}/${FRAMEWORKS_FOLDER_PATH}/SipHash.framework",
				"${TARGET_BUILD_DIR}/${FRAMEWORKS_FOLDER_PATH}/scrypt.framework",
				"${TARGET_BUILD_DIR}/${FRAMEWORKS_FOLDER_PATH}/secp256k1_ios.framework",
				"${TARGET_BUILD_DIR}/${FRAMEWORKS_FOLDER_PATH}/web3swift.framework",
			);
			runOnlyForDeploymentPostprocessing = 0;
			shellPath = /bin/sh;
			shellScript = "\"${SRCROOT}/Pods/Target Support Files/Pods-ValletAdmin/Pods-ValletAdmin-frameworks.sh\"\n";
			showEnvVarsInLog = 0;
		};
		AADC8E7481F7C9251528CE50 /* [CP] Check Pods Manifest.lock */ = {
			isa = PBXShellScriptBuildPhase;
			buildActionMask = 2147483647;
			files = (
			);
			inputPaths = (
				"${PODS_PODFILE_DIR_PATH}/Podfile.lock",
				"${PODS_ROOT}/Manifest.lock",
			);
			name = "[CP] Check Pods Manifest.lock";
			outputPaths = (
				"$(DERIVED_FILE_DIR)/Pods-ValletAdmin-checkManifestLockResult.txt",
			);
			runOnlyForDeploymentPostprocessing = 0;
			shellPath = /bin/sh;
			shellScript = "diff \"${PODS_PODFILE_DIR_PATH}/Podfile.lock\" \"${PODS_ROOT}/Manifest.lock\" > /dev/null\nif [ $? != 0 ] ; then\n    # print error to STDERR\n    echo \"error: The sandbox is not in sync with the Podfile.lock. Run 'pod install' or update your CocoaPods installation.\" >&2\n    exit 1\nfi\n# This output is used by Xcode 'outputs' to avoid re-running this script phase.\necho \"SUCCESS\" > \"${SCRIPT_OUTPUT_FILE_0}\"\n";
			showEnvVarsInLog = 0;
		};
		B086528B7443118FBE04AB44 /* [CP] Check Pods Manifest.lock */ = {
			isa = PBXShellScriptBuildPhase;
			buildActionMask = 2147483647;
			files = (
			);
			inputPaths = (
				"${PODS_PODFILE_DIR_PATH}/Podfile.lock",
				"${PODS_ROOT}/Manifest.lock",
			);
			name = "[CP] Check Pods Manifest.lock";
			outputPaths = (
				"$(DERIVED_FILE_DIR)/Pods-Vallet-checkManifestLockResult.txt",
			);
			runOnlyForDeploymentPostprocessing = 0;
			shellPath = /bin/sh;
			shellScript = "diff \"${PODS_PODFILE_DIR_PATH}/Podfile.lock\" \"${PODS_ROOT}/Manifest.lock\" > /dev/null\nif [ $? != 0 ] ; then\n    # print error to STDERR\n    echo \"error: The sandbox is not in sync with the Podfile.lock. Run 'pod install' or update your CocoaPods installation.\" >&2\n    exit 1\nfi\n# This output is used by Xcode 'outputs' to avoid re-running this script phase.\necho \"SUCCESS\" > \"${SCRIPT_OUTPUT_FILE_0}\"\n";
			showEnvVarsInLog = 0;
		};
		ECC15447057A33DA80E4C899 /* [CP] Embed Pods Frameworks */ = {
			isa = PBXShellScriptBuildPhase;
			buildActionMask = 2147483647;
			files = (
			);
			inputPaths = (
				"${SRCROOT}/Pods/Target Support Files/Pods-Vallet/Pods-Vallet-frameworks.sh",
				"${BUILT_PRODUCTS_DIR}/BigInt/BigInt.framework",
				"${BUILT_PRODUCTS_DIR}/CryptoSwift/CryptoSwift.framework",
				"${BUILT_PRODUCTS_DIR}/PromiseKit/PromiseKit.framework",
				"${BUILT_PRODUCTS_DIR}/Result/Result.framework",
				"${BUILT_PRODUCTS_DIR}/SipHash/SipHash.framework",
				"${BUILT_PRODUCTS_DIR}/scrypt/scrypt.framework",
				"${BUILT_PRODUCTS_DIR}/secp256k1_ios/secp256k1_ios.framework",
				"${BUILT_PRODUCTS_DIR}/web3swift/web3swift.framework",
			);
			name = "[CP] Embed Pods Frameworks";
			outputPaths = (
				"${TARGET_BUILD_DIR}/${FRAMEWORKS_FOLDER_PATH}/BigInt.framework",
				"${TARGET_BUILD_DIR}/${FRAMEWORKS_FOLDER_PATH}/CryptoSwift.framework",
				"${TARGET_BUILD_DIR}/${FRAMEWORKS_FOLDER_PATH}/PromiseKit.framework",
				"${TARGET_BUILD_DIR}/${FRAMEWORKS_FOLDER_PATH}/Result.framework",
				"${TARGET_BUILD_DIR}/${FRAMEWORKS_FOLDER_PATH}/SipHash.framework",
				"${TARGET_BUILD_DIR}/${FRAMEWORKS_FOLDER_PATH}/scrypt.framework",
				"${TARGET_BUILD_DIR}/${FRAMEWORKS_FOLDER_PATH}/secp256k1_ios.framework",
				"${TARGET_BUILD_DIR}/${FRAMEWORKS_FOLDER_PATH}/web3swift.framework",
			);
			runOnlyForDeploymentPostprocessing = 0;
			shellPath = /bin/sh;
			shellScript = "\"${SRCROOT}/Pods/Target Support Files/Pods-Vallet/Pods-Vallet-frameworks.sh\"\n";
			showEnvVarsInLog = 0;
		};
/* End PBXShellScriptBuildPhase section */

/* Begin PBXSourcesBuildPhase section */
		D429F84721400572004427F0 /* Sources */ = {
			isa = PBXSourcesBuildPhase;
			buildActionMask = 2147483647;
			files = (
				D443CDA9214AA73700A7100F /* NSObject.swift in Sources */,
				D4C5CDA2214819AD00AB67D7 /* SideMenuViewController.swift in Sources */,
				D429F8B721411FA2004427F0 /* Web3Manager.swift in Sources */,
				D429F8AF21401049004427F0 /* Result.swift in Sources */,
				D429F8C12141724C004427F0 /* TokenType.swift in Sources */,
				D429F8C82142BF86004427F0 /* Token.swift in Sources */,
				D429F8B421401528004427F0 /* Wallet.swift in Sources */,
				D429F8A821400DAE004427F0 /* Constants.swift in Sources */,
				D429F85121400572004427F0 /* ViewController.swift in Sources */,
				D4C5CDB521490DC500AB67D7 /* Shop.swift in Sources */,
				D4C5CDAA2149079500AB67D7 /* Model.xcdatamodeld in Sources */,
				D4C5CDBB2149410800AB67D7 /* DataBaseManager.swift in Sources */,
				D429F8BE21416F91004427F0 /* ContractProtocol.swift in Sources */,
				D429F8A621400D87004427F0 /* FaucetManager.swift in Sources */,
				D429F8BB21416D9D004427F0 /* TokenFactory.swift in Sources */,
				D4C5CD972147DA2600AB67D7 /* QRCodeReaderView.swift in Sources */,
				D4C5CD942147D34200AB67D7 /* UIImage.swift in Sources */,
				D429F84F21400572004427F0 /* AppDelegate.swift in Sources */,
				D4C5CD9A2147DB2A00AB67D7 /* NibLinkedView.swift in Sources */,
			);
			runOnlyForDeploymentPostprocessing = 0;
		};
		D429F85E21400573004427F0 /* Sources */ = {
			isa = PBXSourcesBuildPhase;
			buildActionMask = 2147483647;
			files = (
				D429F86721400573004427F0 /* ValletTests.swift in Sources */,
			);
			runOnlyForDeploymentPostprocessing = 0;
		};
		D429F88A21400A5A004427F0 /* Sources */ = {
			isa = PBXSourcesBuildPhase;
			buildActionMask = 2147483647;
			files = (
				D443CDAA214AA73700A7100F /* NSObject.swift in Sources */,
				D4C5CDA3214819AD00AB67D7 /* SideMenuViewController.swift in Sources */,
				D429F8B821411FA2004427F0 /* Web3Manager.swift in Sources */,
				D429F8B021401049004427F0 /* Result.swift in Sources */,
				D429F8C22141724C004427F0 /* TokenType.swift in Sources */,
				D429F8C92142BF87004427F0 /* Token.swift in Sources */,
				D429F8B521401528004427F0 /* Wallet.swift in Sources */,
				D429F8AA21400F20004427F0 /* Constants.swift in Sources */,
				D429F89321400A5A004427F0 /* ViewController.swift in Sources */,
				D4C5CDB621490DC500AB67D7 /* Shop.swift in Sources */,
				D4C5CDAB2149079500AB67D7 /* Model.xcdatamodeld in Sources */,
				D4C5CDBC2149410800AB67D7 /* DataBaseManager.swift in Sources */,
				D429F8BF21416F91004427F0 /* ContractProtocol.swift in Sources */,
				D429F8A921400F1C004427F0 /* FaucetManager.swift in Sources */,
				D429F89121400A5A004427F0 /* AppDelegate.swift in Sources */,
				D429F8BC21416D9D004427F0 /* TokenFactory.swift in Sources */,
				D4C5CD982147DA2700AB67D7 /* QRCodeReaderView.swift in Sources */,
				D4C5CD952147D34200AB67D7 /* UIImage.swift in Sources */,
				D4C5CD9B2147DB2A00AB67D7 /* NibLinkedView.swift in Sources */,
			);
			runOnlyForDeploymentPostprocessing = 0;
		};
/* End PBXSourcesBuildPhase section */

/* Begin PBXTargetDependency section */
		D429F86421400573004427F0 /* PBXTargetDependency */ = {
			isa = PBXTargetDependency;
			target = D429F84A21400572004427F0 /* Vallet */;
			targetProxy = D429F86321400573004427F0 /* PBXContainerItemProxy */;
		};
/* End PBXTargetDependency section */

/* Begin PBXVariantGroup section */
		D429F85221400572004427F0 /* Main.storyboard */ = {
			isa = PBXVariantGroup;
			children = (
				D429F85321400572004427F0 /* Base */,
			);
			name = Main.storyboard;
			sourceTree = "<group>";
		};
		D429F85A21400573004427F0 /* LaunchScreen.storyboard */ = {
			isa = PBXVariantGroup;
			children = (
				D429F85B21400573004427F0 /* Base */,
			);
			name = LaunchScreen.storyboard;
			sourceTree = "<group>";
		};
		D429F89421400A5A004427F0 /* Main.storyboard */ = {
			isa = PBXVariantGroup;
			children = (
				D429F89521400A5A004427F0 /* Base */,
			);
			name = Main.storyboard;
			sourceTree = "<group>";
		};
		D429F89C21400A5B004427F0 /* LaunchScreen.storyboard */ = {
			isa = PBXVariantGroup;
			children = (
				D429F89D21400A5B004427F0 /* Base */,
			);
			name = LaunchScreen.storyboard;
			sourceTree = "<group>";
		};
/* End PBXVariantGroup section */

/* Begin XCBuildConfiguration section */
		D429F86921400573004427F0 /* Debug */ = {
			isa = XCBuildConfiguration;
			buildSettings = {
				ALWAYS_SEARCH_USER_PATHS = NO;
				CLANG_ANALYZER_NONNULL = YES;
				CLANG_ANALYZER_NUMBER_OBJECT_CONVERSION = YES_AGGRESSIVE;
				CLANG_CXX_LANGUAGE_STANDARD = "gnu++14";
				CLANG_CXX_LIBRARY = "libc++";
				CLANG_ENABLE_MODULES = YES;
				CLANG_ENABLE_OBJC_ARC = YES;
				CLANG_ENABLE_OBJC_WEAK = YES;
				CLANG_WARN_BLOCK_CAPTURE_AUTORELEASING = YES;
				CLANG_WARN_BOOL_CONVERSION = YES;
				CLANG_WARN_COMMA = YES;
				CLANG_WARN_CONSTANT_CONVERSION = YES;
				CLANG_WARN_DEPRECATED_OBJC_IMPLEMENTATIONS = YES;
				CLANG_WARN_DIRECT_OBJC_ISA_USAGE = YES_ERROR;
				CLANG_WARN_DOCUMENTATION_COMMENTS = YES;
				CLANG_WARN_EMPTY_BODY = YES;
				CLANG_WARN_ENUM_CONVERSION = YES;
				CLANG_WARN_INFINITE_RECURSION = YES;
				CLANG_WARN_INT_CONVERSION = YES;
				CLANG_WARN_NON_LITERAL_NULL_CONVERSION = YES;
				CLANG_WARN_OBJC_IMPLICIT_RETAIN_SELF = YES;
				CLANG_WARN_OBJC_LITERAL_CONVERSION = YES;
				CLANG_WARN_OBJC_ROOT_CLASS = YES_ERROR;
				CLANG_WARN_RANGE_LOOP_ANALYSIS = YES;
				CLANG_WARN_STRICT_PROTOTYPES = YES;
				CLANG_WARN_SUSPICIOUS_MOVE = YES;
				CLANG_WARN_UNGUARDED_AVAILABILITY = YES_AGGRESSIVE;
				CLANG_WARN_UNREACHABLE_CODE = YES;
				CLANG_WARN__DUPLICATE_METHOD_MATCH = YES;
				CODE_SIGN_IDENTITY = "iPhone Developer";
				COPY_PHASE_STRIP = NO;
				DEBUG_INFORMATION_FORMAT = dwarf;
				ENABLE_STRICT_OBJC_MSGSEND = YES;
				ENABLE_TESTABILITY = YES;
				GCC_C_LANGUAGE_STANDARD = gnu11;
				GCC_DYNAMIC_NO_PIC = NO;
				GCC_NO_COMMON_BLOCKS = YES;
				GCC_OPTIMIZATION_LEVEL = 0;
				GCC_PREPROCESSOR_DEFINITIONS = (
					"DEBUG=1",
					"$(inherited)",
				);
				GCC_WARN_64_TO_32_BIT_CONVERSION = YES;
				GCC_WARN_ABOUT_RETURN_TYPE = YES_ERROR;
				GCC_WARN_UNDECLARED_SELECTOR = YES;
				GCC_WARN_UNINITIALIZED_AUTOS = YES_AGGRESSIVE;
				GCC_WARN_UNUSED_FUNCTION = YES;
				GCC_WARN_UNUSED_VARIABLE = YES;
				IPHONEOS_DEPLOYMENT_TARGET = 11.4;
				MTL_ENABLE_DEBUG_INFO = YES;
				ONLY_ACTIVE_ARCH = YES;
				SDKROOT = iphoneos;
				SWIFT_ACTIVE_COMPILATION_CONDITIONS = DEBUG;
				SWIFT_OPTIMIZATION_LEVEL = "-Onone";
			};
			name = Debug;
		};
		D429F86A21400573004427F0 /* Release */ = {
			isa = XCBuildConfiguration;
			buildSettings = {
				ALWAYS_SEARCH_USER_PATHS = NO;
				CLANG_ANALYZER_NONNULL = YES;
				CLANG_ANALYZER_NUMBER_OBJECT_CONVERSION = YES_AGGRESSIVE;
				CLANG_CXX_LANGUAGE_STANDARD = "gnu++14";
				CLANG_CXX_LIBRARY = "libc++";
				CLANG_ENABLE_MODULES = YES;
				CLANG_ENABLE_OBJC_ARC = YES;
				CLANG_ENABLE_OBJC_WEAK = YES;
				CLANG_WARN_BLOCK_CAPTURE_AUTORELEASING = YES;
				CLANG_WARN_BOOL_CONVERSION = YES;
				CLANG_WARN_COMMA = YES;
				CLANG_WARN_CONSTANT_CONVERSION = YES;
				CLANG_WARN_DEPRECATED_OBJC_IMPLEMENTATIONS = YES;
				CLANG_WARN_DIRECT_OBJC_ISA_USAGE = YES_ERROR;
				CLANG_WARN_DOCUMENTATION_COMMENTS = YES;
				CLANG_WARN_EMPTY_BODY = YES;
				CLANG_WARN_ENUM_CONVERSION = YES;
				CLANG_WARN_INFINITE_RECURSION = YES;
				CLANG_WARN_INT_CONVERSION = YES;
				CLANG_WARN_NON_LITERAL_NULL_CONVERSION = YES;
				CLANG_WARN_OBJC_IMPLICIT_RETAIN_SELF = YES;
				CLANG_WARN_OBJC_LITERAL_CONVERSION = YES;
				CLANG_WARN_OBJC_ROOT_CLASS = YES_ERROR;
				CLANG_WARN_RANGE_LOOP_ANALYSIS = YES;
				CLANG_WARN_STRICT_PROTOTYPES = YES;
				CLANG_WARN_SUSPICIOUS_MOVE = YES;
				CLANG_WARN_UNGUARDED_AVAILABILITY = YES_AGGRESSIVE;
				CLANG_WARN_UNREACHABLE_CODE = YES;
				CLANG_WARN__DUPLICATE_METHOD_MATCH = YES;
				CODE_SIGN_IDENTITY = "iPhone Developer";
				COPY_PHASE_STRIP = NO;
				DEBUG_INFORMATION_FORMAT = "dwarf-with-dsym";
				ENABLE_NS_ASSERTIONS = NO;
				ENABLE_STRICT_OBJC_MSGSEND = YES;
				GCC_C_LANGUAGE_STANDARD = gnu11;
				GCC_NO_COMMON_BLOCKS = YES;
				GCC_WARN_64_TO_32_BIT_CONVERSION = YES;
				GCC_WARN_ABOUT_RETURN_TYPE = YES_ERROR;
				GCC_WARN_UNDECLARED_SELECTOR = YES;
				GCC_WARN_UNINITIALIZED_AUTOS = YES_AGGRESSIVE;
				GCC_WARN_UNUSED_FUNCTION = YES;
				GCC_WARN_UNUSED_VARIABLE = YES;
				IPHONEOS_DEPLOYMENT_TARGET = 11.4;
				MTL_ENABLE_DEBUG_INFO = NO;
				SDKROOT = iphoneos;
				SWIFT_COMPILATION_MODE = wholemodule;
				SWIFT_OPTIMIZATION_LEVEL = "-O";
				VALIDATE_PRODUCT = YES;
			};
			name = Release;
		};
		D429F86C21400573004427F0 /* Debug */ = {
			isa = XCBuildConfiguration;
			baseConfigurationReference = BC427D9B2FFCD9CA48489E79 /* Pods-Vallet.debug.xcconfig */;
			buildSettings = {
				ASSETCATALOG_COMPILER_APPICON_NAME = AppIcon;
				CODE_SIGN_STYLE = Automatic;
				DEVELOPMENT_TEAM = 93TVZG5NS7;
				INFOPLIST_FILE = Vallet/Info.plist;
				LD_RUNPATH_SEARCH_PATHS = (
					"$(inherited)",
					"@executable_path/Frameworks",
				);
				PRODUCT_BUNDLE_IDENTIFIER = com.matijakregar.Vallet;
				PRODUCT_NAME = "$(TARGET_NAME)";
				SWIFT_VERSION = 4.0;
				TARGETED_DEVICE_FAMILY = "1,2";
			};
			name = Debug;
		};
		D429F86D21400573004427F0 /* Release */ = {
			isa = XCBuildConfiguration;
			baseConfigurationReference = 3453223FDAEFCCEA65DA70F2 /* Pods-Vallet.release.xcconfig */;
			buildSettings = {
				ASSETCATALOG_COMPILER_APPICON_NAME = AppIcon;
				CODE_SIGN_STYLE = Automatic;
				DEVELOPMENT_TEAM = 93TVZG5NS7;
				INFOPLIST_FILE = Vallet/Info.plist;
				LD_RUNPATH_SEARCH_PATHS = (
					"$(inherited)",
					"@executable_path/Frameworks",
				);
				PRODUCT_BUNDLE_IDENTIFIER = com.matijakregar.Vallet;
				PRODUCT_NAME = "$(TARGET_NAME)";
				SWIFT_VERSION = 4.0;
				TARGETED_DEVICE_FAMILY = "1,2";
			};
			name = Release;
		};
		D429F86F21400573004427F0 /* Debug */ = {
			isa = XCBuildConfiguration;
			buildSettings = {
				ALWAYS_EMBED_SWIFT_STANDARD_LIBRARIES = YES;
				BUNDLE_LOADER = "$(TEST_HOST)";
				CODE_SIGN_STYLE = Automatic;
				DEVELOPMENT_TEAM = 93TVZG5NS7;
				INFOPLIST_FILE = ValletTests/Info.plist;
				LD_RUNPATH_SEARCH_PATHS = (
					"$(inherited)",
					"@executable_path/Frameworks",
					"@loader_path/Frameworks",
				);
				PRODUCT_BUNDLE_IDENTIFIER = com.matijakregar.ValletTests;
				PRODUCT_NAME = "$(TARGET_NAME)";
				SWIFT_VERSION = 4.0;
				TARGETED_DEVICE_FAMILY = "1,2";
				TEST_HOST = "$(BUILT_PRODUCTS_DIR)/Vallet.app/Vallet";
			};
			name = Debug;
		};
		D429F87021400573004427F0 /* Release */ = {
			isa = XCBuildConfiguration;
			buildSettings = {
				ALWAYS_EMBED_SWIFT_STANDARD_LIBRARIES = YES;
				BUNDLE_LOADER = "$(TEST_HOST)";
				CODE_SIGN_STYLE = Automatic;
				DEVELOPMENT_TEAM = 93TVZG5NS7;
				INFOPLIST_FILE = ValletTests/Info.plist;
				LD_RUNPATH_SEARCH_PATHS = (
					"$(inherited)",
					"@executable_path/Frameworks",
					"@loader_path/Frameworks",
				);
				PRODUCT_BUNDLE_IDENTIFIER = com.matijakregar.ValletTests;
				PRODUCT_NAME = "$(TARGET_NAME)";
				SWIFT_VERSION = 4.0;
				TARGETED_DEVICE_FAMILY = "1,2";
				TEST_HOST = "$(BUILT_PRODUCTS_DIR)/Vallet.app/Vallet";
			};
			name = Release;
		};
		D429F8A021400A5B004427F0 /* Debug */ = {
			isa = XCBuildConfiguration;
			baseConfigurationReference = C9683045E8DE422BEFE13276 /* Pods-ValletAdmin.debug.xcconfig */;
			buildSettings = {
				ASSETCATALOG_COMPILER_APPICON_NAME = AppIcon;
				CODE_SIGN_STYLE = Automatic;
				DEVELOPMENT_TEAM = 93TVZG5NS7;
				INFOPLIST_FILE = ValletAdmin/Info.plist;
				LD_RUNPATH_SEARCH_PATHS = (
					"$(inherited)",
					"@executable_path/Frameworks",
				);
				PRODUCT_BUNDLE_IDENTIFIER = com.matijakregar.ValletAdmin;
				PRODUCT_NAME = "$(TARGET_NAME)";
				SWIFT_VERSION = 4.0;
				TARGETED_DEVICE_FAMILY = "1,2";
			};
			name = Debug;
		};
		D429F8A121400A5B004427F0 /* Release */ = {
			isa = XCBuildConfiguration;
			baseConfigurationReference = 978EBDBF8DA054E50C13A3CC /* Pods-ValletAdmin.release.xcconfig */;
			buildSettings = {
				ASSETCATALOG_COMPILER_APPICON_NAME = AppIcon;
				CODE_SIGN_STYLE = Automatic;
				DEVELOPMENT_TEAM = 93TVZG5NS7;
				INFOPLIST_FILE = ValletAdmin/Info.plist;
				LD_RUNPATH_SEARCH_PATHS = (
					"$(inherited)",
					"@executable_path/Frameworks",
				);
				PRODUCT_BUNDLE_IDENTIFIER = com.matijakregar.ValletAdmin;
				PRODUCT_NAME = "$(TARGET_NAME)";
				SWIFT_VERSION = 4.0;
				TARGETED_DEVICE_FAMILY = "1,2";
			};
			name = Release;
		};
/* End XCBuildConfiguration section */

/* Begin XCConfigurationList section */
		D429F84621400572004427F0 /* Build configuration list for PBXProject "Vallet" */ = {
			isa = XCConfigurationList;
			buildConfigurations = (
				D429F86921400573004427F0 /* Debug */,
				D429F86A21400573004427F0 /* Release */,
			);
			defaultConfigurationIsVisible = 0;
			defaultConfigurationName = Release;
		};
		D429F86B21400573004427F0 /* Build configuration list for PBXNativeTarget "Vallet" */ = {
			isa = XCConfigurationList;
			buildConfigurations = (
				D429F86C21400573004427F0 /* Debug */,
				D429F86D21400573004427F0 /* Release */,
			);
			defaultConfigurationIsVisible = 0;
			defaultConfigurationName = Release;
		};
		D429F86E21400573004427F0 /* Build configuration list for PBXNativeTarget "ValletTests" */ = {
			isa = XCConfigurationList;
			buildConfigurations = (
				D429F86F21400573004427F0 /* Debug */,
				D429F87021400573004427F0 /* Release */,
			);
			defaultConfigurationIsVisible = 0;
			defaultConfigurationName = Release;
		};
		D429F8A221400A5B004427F0 /* Build configuration list for PBXNativeTarget "ValletAdmin" */ = {
			isa = XCConfigurationList;
			buildConfigurations = (
				D429F8A021400A5B004427F0 /* Debug */,
				D429F8A121400A5B004427F0 /* Release */,
			);
			defaultConfigurationIsVisible = 0;
			defaultConfigurationName = Release;
		};
/* End XCConfigurationList section */

/* Begin XCVersionGroup section */
		D4C5CDA82149079400AB67D7 /* Model.xcdatamodeld */ = {
			isa = XCVersionGroup;
			children = (
				D4C5CDA92149079400AB67D7 /* Model.xcdatamodel */,
			);
			currentVersion = D4C5CDA92149079400AB67D7 /* Model.xcdatamodel */;
			path = Model.xcdatamodeld;
			sourceTree = "<group>";
			versionGroupType = wrapper.xcdatamodel;
		};
/* End XCVersionGroup section */
	};
	rootObject = D429F84321400572004427F0 /* Project object */;
}
